
Microsoft Visual Studio Solution File, Format Version 12.00
# Visual Studio Version 16
VisualStudioVersion = 16.0.30804.86
MinimumVisualStudioVersion = 10.0.40219.1
Project("{FAE04EC0-301F-11D3-BF4B-00C04F79EFBC}") = "UniCommsServer", "UniCommsServer.csproj", "{CC00F008-7A1D-41AE-9323-659678FCBD55}"
EndProject
Global
	GlobalSection(SolutionConfigurationPlatforms) = preSolution
		Debug|Any CPU = Debug|Any CPU
		Release|Any CPU = Release|Any CPU
	EndGlobalSection
	GlobalSection(ProjectConfigurationPlatforms) = postSolution
		{CC00F008-7A1D-41AE-9323-659678FCBD55}.Debug|Any CPU.ActiveCfg = Debug|Any CPU
		{CC00F008-7A1D-41AE-9323-659678FCBD55}.Debug|Any CPU.Build.0 = Debug|Any CPU
		{CC00F008-7A1D-41AE-9323-659678FCBD55}.Release|Any CPU.ActiveCfg = Release|Any CPU
		{CC00F008-7A1D-41AE-9323-659678FCBD55}.Release|Any CPU.Build.0 = Release|Any CPU
	EndGlobalSection
	GlobalSection(SolutionProperties) = preSolution
		HideSolutionNode = FALSE
	EndGlobalSection
	GlobalSection(ExtensibilityGlobals) = postSolution
		SolutionGuid = {886744A8-F796-43BE-96C4-89F404A72184}
	EndGlobalSection
EndGlobal
